{
  "version": 4,
  "terraform_version": "1.3.7",
  "serial": 12,
  "lineage": "9c083f10-b85e-0f87-3543-10d10349d978",
  "outputs": {
    "jenkins_ip": {
      "value": "159.223.160.57",
      "type": "string"
    }
  },
  "resources": [
    {
      "mode": "data",
      "type": "digitalocean_ssh_key",
      "name": "ssh_key",
      "provider": "provider[\"registry.terraform.io/digitalocean/digitalocean\"]",
      "instances": [
        {
          "schema_version": 0,
          "attributes": {
            "fingerprint": "80:c2:84:38:39:84:48:1d:48:52:b7:c6:98:59:c6:a6",
            "id": 37386957,
            "name": "Jornada",
            "public_key": "ssh-rsa AAAAB3NzaC1yc2EAAAADAQABAAABAQDKic8XSmspBbWsTgII4h3LjsOyaNy9RcBXe/+AJyPul1WHxbfPEnFlcKAG19qFi3TzZQinLtZOYDXzEIfM0vlYmIQAutCFNhpTwQf+F7b7k0LXxAU+9JHmqgByq3U8Sa2M6im9/7x7P2WREqviifVqNdB5Sx/H6taXlyFRopDo0muqn+b9MVsLvUACkjE1j1O3D5y97o9TjKa0tBHy6DmHRHMI1h9CGIi5OXGF5HvVhHzMTEi30fyZOKs5gAkguhDU9Y04tD4C1EZb4uLPNUgE39Q35C2I3ycchSbC9uy3nPcf9dZme4FaM8uYgNf5njQ2/p7IpwRAXMs+twWwH2yf rafael stuepp riegel@PC-FAELSRIEGEL"
          },
          "sensitive_attributes": []
        }
      ]
    },
    {
      "mode": "managed",
      "type": "digitalocean_droplet",
      "name": "jenkins",
      "provider": "provider[\"registry.terraform.io/digitalocean/digitalocean\"]",
      "instances": [
        {
          "schema_version": 1,
          "attributes": {
            "backups": false,
            "created_at": "2023-01-29T22:27:21Z",
            "disk": 60,
            "droplet_agent": null,
            "graceful_shutdown": false,
            "id": "338158952",
            "image": "ubuntu-22-04-x64",
            "ipv4_address": "159.223.160.57",
            "ipv4_address_private": "10.116.0.2",
            "ipv6": false,
            "ipv6_address": "",
            "locked": false,
            "memory": 2048,
            "monitoring": false,
            "name": "jenkins-vm",
            "price_hourly": 0.02679,
            "price_monthly": 18,
            "private_networking": true,
            "region": "nyc1",
            "resize_disk": true,
            "size": "s-2vcpu-2gb",
            "ssh_keys": [
              "37386957"
            ],
            "status": "active",
            "tags": [],
            "timeouts": null,
            "urn": "do:droplet:338158952",
            "user_data": null,
            "vcpus": 2,
            "volume_ids": [],
            "vpc_uuid": "d4cce15e-5126-4926-ab30-4c966dfa47fc"
          },
          "sensitive_attributes": [],
          "private": "eyJlMmJmYjczMC1lY2FhLTExZTYtOGY4OC0zNDM2M2JjN2M0YzAiOnsiY3JlYXRlIjozNjAwMDAwMDAwMDAwLCJkZWxldGUiOjYwMDAwMDAwMDAwLCJ1cGRhdGUiOjM2MDAwMDAwMDAwMDB9LCJzY2hlbWFfdmVyc2lvbiI6IjEifQ==",
          "dependencies": [
            "data.digitalocean_ssh_key.ssh_key"
          ]
        }
      ]
    },
    {
      "mode": "managed",
      "type": "digitalocean_kubernetes_cluster",
      "name": "k8s",
      "provider": "provider[\"registry.terraform.io/digitalocean/digitalocean\"]",
      "instances": []
    },
    {
      "mode": "managed",
      "type": "local_file",
      "name": "foo",
      "provider": "provider[\"registry.terraform.io/hashicorp/local\"]",
      "instances": [
        {
          "schema_version": 0,
          "attributes": {
            "content": "digitalocean_kubernetes_cluster.k8s.kube_config.0.raw_config",
            "content_base64": null,
            "directory_permission": "0777",
            "file_permission": "0777",
            "filename": "kube_config_yaml",
            "id": "07b3787bec48171d564558e469bee1efc2373c04",
            "sensitive_content": null,
            "source": null
          },
          "sensitive_attributes": []
        }
      ]
    }
  ],
  "check_results": null
}
